
Microsoft Visual Studio Solution File, Format Version 12.00
# Visual Studio Version 17
VisualStudioVersion = 17.9.34616.47
MinimumVisualStudioVersion = 10.0.40219.1
Project("{9A19103F-16F7-4668-BE54-9A1E7A4F7556}") = "API_DataBarang", "WebApplication1\API_DataBarang.csproj", "{4A862272-2ADD-448D-BAF0-E359B713C2E6}"
EndProject
Project("{FAE04EC0-301F-11D3-BF4B-00C04F79EFBC}") = "API_DataPelanggan", "DataPelanggan\API_DataPelanggan.csproj", "{3987EF3A-EFD2-4397-BBAF-DBFB066A4B9B}"
EndProject
Global
	GlobalSection(SolutionConfigurationPlatforms) = preSolution
		Debug|Any CPU = Debug|Any CPU
		Release|Any CPU = Release|Any CPU
	EndGlobalSection
	GlobalSection(ProjectConfigurationPlatforms) = postSolution
		{4A862272-2ADD-448D-BAF0-E359B713C2E6}.Debug|Any CPU.ActiveCfg = Debug|Any CPU
		{4A862272-2ADD-448D-BAF0-E359B713C2E6}.Debug|Any CPU.Build.0 = Debug|Any CPU
		{4A862272-2ADD-448D-BAF0-E359B713C2E6}.Release|Any CPU.ActiveCfg = Release|Any CPU
		{4A862272-2ADD-448D-BAF0-E359B713C2E6}.Release|Any CPU.Build.0 = Release|Any CPU
		{3987EF3A-EFD2-4397-BBAF-DBFB066A4B9B}.Debug|Any CPU.ActiveCfg = Debug|Any CPU
		{3987EF3A-EFD2-4397-BBAF-DBFB066A4B9B}.Debug|Any CPU.Build.0 = Debug|Any CPU
		{3987EF3A-EFD2-4397-BBAF-DBFB066A4B9B}.Release|Any CPU.ActiveCfg = Release|Any CPU
		{3987EF3A-EFD2-4397-BBAF-DBFB066A4B9B}.Release|Any CPU.Build.0 = Release|Any CPU
	EndGlobalSection
	GlobalSection(SolutionProperties) = preSolution
		HideSolutionNode = FALSE
	EndGlobalSection
	GlobalSection(ExtensibilityGlobals) = postSolution
		SolutionGuid = {933F89DF-3131-442A-9539-395547303471}
	EndGlobalSection
EndGlobal
